
Microsoft Visual Studio Solution File, Format Version 12.00
# Visual Studio 15
VisualStudioVersion = 15.0.27130.2010
MinimumVisualStudioVersion = 10.0.40219.1
Project("{FAE04EC0-301F-11D3-BF4B-00C04F79EFBC}") = "Calculator1", "Calculator1\Calculator1.csproj", "{2096834E-150F-4DE5-9007-0473B47DB1EB}"
EndProject
Global
	GlobalSection(SolutionConfigurationPlatforms) = preSolution
		Debug|Any CPU = Debug|Any CPU
		Release|Any CPU = Release|Any CPU
	EndGlobalSection
	GlobalSection(ProjectConfigurationPlatforms) = postSolution
		{2096834E-150F-4DE5-9007-0473B47DB1EB}.Debug|Any CPU.ActiveCfg = Debug|Any CPU
		{2096834E-150F-4DE5-9007-0473B47DB1EB}.Debug|Any CPU.Build.0 = Debug|Any CPU
		{2096834E-150F-4DE5-9007-0473B47DB1EB}.Release|Any CPU.ActiveCfg = Release|Any CPU
		{2096834E-150F-4DE5-9007-0473B47DB1EB}.Release|Any CPU.Build.0 = Release|Any CPU
	EndGlobalSection
	GlobalSection(SolutionProperties) = preSolution
		HideSolutionNode = FALSE
	EndGlobalSection
	GlobalSection(ExtensibilityGlobals) = postSolution
		SolutionGuid = {796946A4-07ED-4155-9794-2AD5F86B82EE}
	EndGlobalSection
EndGlobal
