
Microsoft Visual Studio Solution File, Format Version 12.00
# Visual Studio 15
VisualStudioVersion = 15.0.27130.2010
MinimumVisualStudioVersion = 10.0.40219.1
Project("{FAE04EC0-301F-11D3-BF4B-00C04F79EFBC}") = "FarManager", "FarManager\FarManager.csproj", "{CC745210-5ACC-42A5-B3AF-6AD864D3C0B1}"
EndProject
Global
	GlobalSection(SolutionConfigurationPlatforms) = preSolution
		Debug|Any CPU = Debug|Any CPU
		Release|Any CPU = Release|Any CPU
	EndGlobalSection
	GlobalSection(ProjectConfigurationPlatforms) = postSolution
		{CC745210-5ACC-42A5-B3AF-6AD864D3C0B1}.Debug|Any CPU.ActiveCfg = Debug|Any CPU
		{CC745210-5ACC-42A5-B3AF-6AD864D3C0B1}.Debug|Any CPU.Build.0 = Debug|Any CPU
		{CC745210-5ACC-42A5-B3AF-6AD864D3C0B1}.Release|Any CPU.ActiveCfg = Release|Any CPU
		{CC745210-5ACC-42A5-B3AF-6AD864D3C0B1}.Release|Any CPU.Build.0 = Release|Any CPU
	EndGlobalSection
	GlobalSection(SolutionProperties) = preSolution
		HideSolutionNode = FALSE
	EndGlobalSection
	GlobalSection(ExtensibilityGlobals) = postSolution
		SolutionGuid = {D4C7AE6A-9F01-45F1-B223-08A2C82911D3}
	EndGlobalSection
EndGlobal
