
Microsoft Visual Studio Solution File, Format Version 12.00
# Visual Studio 15
VisualStudioVersion = 15.0.27130.2010
MinimumVisualStudioVersion = 10.0.40219.1
Project("{FAE04EC0-301F-11D3-BF4B-00C04F79EFBC}") = "Prime", "Prime\Prime.csproj", "{D60C2326-9C0B-40C5-989B-67F0D734937D}"
EndProject
Global
	GlobalSection(SolutionConfigurationPlatforms) = preSolution
		Debug|Any CPU = Debug|Any CPU
		Release|Any CPU = Release|Any CPU
	EndGlobalSection
	GlobalSection(ProjectConfigurationPlatforms) = postSolution
		{D60C2326-9C0B-40C5-989B-67F0D734937D}.Debug|Any CPU.ActiveCfg = Debug|Any CPU
		{D60C2326-9C0B-40C5-989B-67F0D734937D}.Debug|Any CPU.Build.0 = Debug|Any CPU
		{D60C2326-9C0B-40C5-989B-67F0D734937D}.Release|Any CPU.ActiveCfg = Release|Any CPU
		{D60C2326-9C0B-40C5-989B-67F0D734937D}.Release|Any CPU.Build.0 = Release|Any CPU
	EndGlobalSection
	GlobalSection(SolutionProperties) = preSolution
		HideSolutionNode = FALSE
	EndGlobalSection
	GlobalSection(ExtensibilityGlobals) = postSolution
		SolutionGuid = {7CCC260C-DFC2-4FBD-AFD8-3EA921666F3D}
	EndGlobalSection
EndGlobal
